{
  "object": {
    "pins": [
      {
        "package": "SideMenu",
        "repositoryURL": "https://github.com/jonkykong/SideMenu.git",
        "state": {
          "branch": "master",
          "revision": "8bd4fd128923cf5494fa726839af8afe12908ad9",
          "version": null
        }
      }
    ]
  },
  "version": 1
}
